// !$*UTF8*$!
{
	archiveVersion = 1;
	classes = {
	};
	objectVersion = 51;
	objects = {

/* Begin PBXBuildFile section */
		350AE77E25EBDD14005741C6 /* FeedCell.swift in Sources */ = {isa = PBXBuildFile; fileRef = 350AE77D25EBDD14005741C6 /* FeedCell.swift */; };
		350AE78125EBDFDB005741C6 /* Extensions.swift in Sources */ = {isa = PBXBuildFile; fileRef = 350AE78025EBDFDB005741C6 /* Extensions.swift */; };
		355B262A26007AE1008E08EA /* UploadPostController.swift in Sources */ = {isa = PBXBuildFile; fileRef = 355B262926007AE1008E08EA /* UploadPostController.swift */; };
		355B262D26008926008E08EA /* InputTextView.swift in Sources */ = {isa = PBXBuildFile; fileRef = 355B262C26008926008E08EA /* InputTextView.swift */; };
		355E53DB25EA935600CC3D64 /* AppDelegate.swift in Sources */ = {isa = PBXBuildFile; fileRef = 355E53DA25EA935600CC3D64 /* AppDelegate.swift */; };
		355E53DD25EA935600CC3D64 /* SceneDelegate.swift in Sources */ = {isa = PBXBuildFile; fileRef = 355E53DC25EA935600CC3D64 /* SceneDelegate.swift */; };
		355E53DF25EA935600CC3D64 /* ViewController.swift in Sources */ = {isa = PBXBuildFile; fileRef = 355E53DE25EA935600CC3D64 /* ViewController.swift */; };
		355E53E225EA935700CC3D64 /* Main.storyboard in Resources */ = {isa = PBXBuildFile; fileRef = 355E53E025EA935700CC3D64 /* Main.storyboard */; };
		355E53E425EA935A00CC3D64 /* Assets.xcassets in Resources */ = {isa = PBXBuildFile; fileRef = 355E53E325EA935A00CC3D64 /* Assets.xcassets */; };
		355E53E725EA935A00CC3D64 /* LaunchScreen.storyboard in Resources */ = {isa = PBXBuildFile; fileRef = 355E53E525EA935A00CC3D64 /* LaunchScreen.storyboard */; };
		355E53F725EA94E500CC3D64 /* MainTabController.swift in Sources */ = {isa = PBXBuildFile; fileRef = 355E53F625EA94E500CC3D64 /* MainTabController.swift */; };
		355E53FA25EA97EC00CC3D64 /* FeedController.swift in Sources */ = {isa = PBXBuildFile; fileRef = 355E53F925EA97EC00CC3D64 /* FeedController.swift */; };
		355E53FD25EA97FE00CC3D64 /* SearchController.swift in Sources */ = {isa = PBXBuildFile; fileRef = 355E53FC25EA97FE00CC3D64 /* SearchController.swift */; };
		355E540025EA981300CC3D64 /* ImageSelectorController.swift in Sources */ = {isa = PBXBuildFile; fileRef = 355E53FF25EA981300CC3D64 /* ImageSelectorController.swift */; };
		355E540325EA982A00CC3D64 /* NotificationsController.swift in Sources */ = {isa = PBXBuildFile; fileRef = 355E540225EA982900CC3D64 /* NotificationsController.swift */; };
		355E540625EA983B00CC3D64 /* ProfileController.swift in Sources */ = {isa = PBXBuildFile; fileRef = 355E540525EA983B00CC3D64 /* ProfileController.swift */; };
		359C1F9B25F21CAE00340C68 /* LoginController.swift in Sources */ = {isa = PBXBuildFile; fileRef = 359C1F9A25F21CAE00340C68 /* LoginController.swift */; };
		359C1F9F25F21CC500340C68 /* RegistrationCOntroller.swift in Sources */ = {isa = PBXBuildFile; fileRef = 359C1F9E25F21CC500340C68 /* RegistrationCOntroller.swift */; };
		359C1FA225F23C3400340C68 /* CustomTextField.swift in Sources */ = {isa = PBXBuildFile; fileRef = 359C1FA125F23C3400340C68 /* CustomTextField.swift */; };
		359C1FA925F4F17300340C68 /* AuthenticationViewModel.swift in Sources */ = {isa = PBXBuildFile; fileRef = 359C1FA825F4F17300340C68 /* AuthenticationViewModel.swift */; };
		359C1FB125F6784300340C68 /* GoogleService-Info.plist in Resources */ = {isa = PBXBuildFile; fileRef = 359C1FB025F6784300340C68 /* GoogleService-Info.plist */; };
		359C1FD625F8DF4200340C68 /* ImageUploader.swift in Sources */ = {isa = PBXBuildFile; fileRef = 359C1FD525F8DF4200340C68 /* ImageUploader.swift */; };
		359C1FD925F8DF6300340C68 /* AuthService.swift in Sources */ = {isa = PBXBuildFile; fileRef = 359C1FD825F8DF6300340C68 /* AuthService.swift */; };
		359C1FE125FC614E00340C68 /* ProfileCell.swift in Sources */ = {isa = PBXBuildFile; fileRef = 359C1FE025FC614E00340C68 /* ProfileCell.swift */; };
		359C1FE425FC616B00340C68 /* ProfileHeader.swift in Sources */ = {isa = PBXBuildFile; fileRef = 359C1FE325FC616B00340C68 /* ProfileHeader.swift */; };
		359C1FEB25FCAF0E00340C68 /* UserService.swift in Sources */ = {isa = PBXBuildFile; fileRef = 359C1FEA25FCAF0E00340C68 /* UserService.swift */; };
		359C1FEE25FCAF9C00340C68 /* Constants.swift in Sources */ = {isa = PBXBuildFile; fileRef = 359C1FED25FCAF9C00340C68 /* Constants.swift */; };
		359C1FF125FCB14900340C68 /* User.swift in Sources */ = {isa = PBXBuildFile; fileRef = 359C1FF025FCB14900340C68 /* User.swift */; };
		359C1FF525FCC1E700340C68 /* ProfileHeaderViewModel.swift in Sources */ = {isa = PBXBuildFile; fileRef = 359C1FF425FCC1E700340C68 /* ProfileHeaderViewModel.swift */; };
		359C1FFC25FDC1F700340C68 /* UserCell.swift in Sources */ = {isa = PBXBuildFile; fileRef = 359C1FFB25FDC1F700340C68 /* UserCell.swift */; };
		359C200025FDF18800340C68 /* UserCellViewModel.swift in Sources */ = {isa = PBXBuildFile; fileRef = 359C1FFF25FDF18800340C68 /* UserCellViewModel.swift */; };
		ADFC926D70B2EF400C89FDD4 /* Pods_InstagramFirestoreTutorial.framework in Frameworks */ = {isa = PBXBuildFile; fileRef = 215DA53581959BD936163828 /* Pods_InstagramFirestoreTutorial.framework */; };
/* End PBXBuildFile section */

/* Begin PBXFileReference section */
		215DA53581959BD936163828 /* Pods_InstagramFirestoreTutorial.framework */ = {isa = PBXFileReference; explicitFileType = wrapper.framework; includeInIndex = 0; path = Pods_InstagramFirestoreTutorial.framework; sourceTree = BUILT_PRODUCTS_DIR; };
		350AE77D25EBDD14005741C6 /* FeedCell.swift */ = {isa = PBXFileReference; lastKnownFileType = sourcecode.swift; path = FeedCell.swift; sourceTree = "<group>"; };
		350AE78025EBDFDB005741C6 /* Extensions.swift */ = {isa = PBXFileReference; lastKnownFileType = sourcecode.swift; path = Extensions.swift; sourceTree = "<group>"; };
		355B262926007AE1008E08EA /* UploadPostController.swift */ = {isa = PBXFileReference; lastKnownFileType = sourcecode.swift; path = UploadPostController.swift; sourceTree = "<group>"; };
		355B262C26008926008E08EA /* InputTextView.swift */ = {isa = PBXFileReference; lastKnownFileType = sourcecode.swift; path = InputTextView.swift; sourceTree = "<group>"; };
		355E53D725EA935600CC3D64 /* InstagramFirestoreTutorial.app */ = {isa = PBXFileReference; explicitFileType = wrapper.application; includeInIndex = 0; path = InstagramFirestoreTutorial.app; sourceTree = BUILT_PRODUCTS_DIR; };
		355E53DA25EA935600CC3D64 /* AppDelegate.swift */ = {isa = PBXFileReference; lastKnownFileType = sourcecode.swift; path = AppDelegate.swift; sourceTree = "<group>"; };
		355E53DC25EA935600CC3D64 /* SceneDelegate.swift */ = {isa = PBXFileReference; lastKnownFileType = sourcecode.swift; path = SceneDelegate.swift; sourceTree = "<group>"; };
		355E53DE25EA935600CC3D64 /* ViewController.swift */ = {isa = PBXFileReference; lastKnownFileType = sourcecode.swift; path = ViewController.swift; sourceTree = "<group>"; };
		355E53E125EA935700CC3D64 /* Base */ = {isa = PBXFileReference; lastKnownFileType = file.storyboard; name = Base; path = Base.lproj/Main.storyboard; sourceTree = "<group>"; };
		355E53E325EA935A00CC3D64 /* Assets.xcassets */ = {isa = PBXFileReference; lastKnownFileType = folder.assetcatalog; path = Assets.xcassets; sourceTree = "<group>"; };
		355E53E625EA935A00CC3D64 /* Base */ = {isa = PBXFileReference; lastKnownFileType = file.storyboard; name = Base; path = Base.lproj/LaunchScreen.storyboard; sourceTree = "<group>"; };
		355E53E825EA935A00CC3D64 /* Info.plist */ = {isa = PBXFileReference; lastKnownFileType = text.plist.xml; path = Info.plist; sourceTree = "<group>"; };
		355E53F625EA94E500CC3D64 /* MainTabController.swift */ = {isa = PBXFileReference; lastKnownFileType = sourcecode.swift; path = MainTabController.swift; sourceTree = "<group>"; };
		355E53F925EA97EC00CC3D64 /* FeedController.swift */ = {isa = PBXFileReference; lastKnownFileType = sourcecode.swift; path = FeedController.swift; sourceTree = "<group>"; };
		355E53FC25EA97FE00CC3D64 /* SearchController.swift */ = {isa = PBXFileReference; lastKnownFileType = sourcecode.swift; path = SearchController.swift; sourceTree = "<group>"; };
		355E53FF25EA981300CC3D64 /* ImageSelectorController.swift */ = {isa = PBXFileReference; lastKnownFileType = sourcecode.swift; path = ImageSelectorController.swift; sourceTree = "<group>"; };
		355E540225EA982900CC3D64 /* NotificationsController.swift */ = {isa = PBXFileReference; lastKnownFileType = sourcecode.swift; path = NotificationsController.swift; sourceTree = "<group>"; };
		355E540525EA983B00CC3D64 /* ProfileController.swift */ = {isa = PBXFileReference; lastKnownFileType = sourcecode.swift; path = ProfileController.swift; sourceTree = "<group>"; };
		359C1F9A25F21CAE00340C68 /* LoginController.swift */ = {isa = PBXFileReference; lastKnownFileType = sourcecode.swift; path = LoginController.swift; sourceTree = "<group>"; };
		359C1F9E25F21CC500340C68 /* RegistrationCOntroller.swift */ = {isa = PBXFileReference; lastKnownFileType = sourcecode.swift; path = RegistrationCOntroller.swift; sourceTree = "<group>"; };
		359C1FA125F23C3400340C68 /* CustomTextField.swift */ = {isa = PBXFileReference; lastKnownFileType = sourcecode.swift; path = CustomTextField.swift; sourceTree = "<group>"; };
		359C1FA825F4F17300340C68 /* AuthenticationViewModel.swift */ = {isa = PBXFileReference; lastKnownFileType = sourcecode.swift; path = AuthenticationViewModel.swift; sourceTree = "<group>"; };
		359C1FB025F6784300340C68 /* GoogleService-Info.plist */ = {isa = PBXFileReference; lastKnownFileType = text.plist; path = "GoogleService-Info.plist"; sourceTree = SOURCE_ROOT; };
		359C1FD525F8DF4200340C68 /* ImageUploader.swift */ = {isa = PBXFileReference; lastKnownFileType = sourcecode.swift; path = ImageUploader.swift; sourceTree = "<group>"; };
		359C1FD825F8DF6300340C68 /* AuthService.swift */ = {isa = PBXFileReference; lastKnownFileType = sourcecode.swift; path = AuthService.swift; sourceTree = "<group>"; };
		359C1FE025FC614E00340C68 /* ProfileCell.swift */ = {isa = PBXFileReference; lastKnownFileType = sourcecode.swift; path = ProfileCell.swift; sourceTree = "<group>"; };
		359C1FE325FC616B00340C68 /* ProfileHeader.swift */ = {isa = PBXFileReference; lastKnownFileType = sourcecode.swift; path = ProfileHeader.swift; sourceTree = "<group>"; };
		359C1FEA25FCAF0E00340C68 /* UserService.swift */ = {isa = PBXFileReference; lastKnownFileType = sourcecode.swift; path = UserService.swift; sourceTree = "<group>"; };
		359C1FED25FCAF9C00340C68 /* Constants.swift */ = {isa = PBXFileReference; lastKnownFileType = sourcecode.swift; path = Constants.swift; sourceTree = "<group>"; };
		359C1FF025FCB14900340C68 /* User.swift */ = {isa = PBXFileReference; lastKnownFileType = sourcecode.swift; path = User.swift; sourceTree = "<group>"; };
		359C1FF425FCC1E700340C68 /* ProfileHeaderViewModel.swift */ = {isa = PBXFileReference; lastKnownFileType = sourcecode.swift; path = ProfileHeaderViewModel.swift; sourceTree = "<group>"; };
		359C1FFB25FDC1F700340C68 /* UserCell.swift */ = {isa = PBXFileReference; lastKnownFileType = sourcecode.swift; path = UserCell.swift; sourceTree = "<group>"; };
		359C1FFF25FDF18800340C68 /* UserCellViewModel.swift */ = {isa = PBXFileReference; lastKnownFileType = sourcecode.swift; path = UserCellViewModel.swift; sourceTree = "<group>"; };
		5B1C8D95BCCFFCA9E82D28B7 /* Pods-InstagramFirestoreTutorial.debug.xcconfig */ = {isa = PBXFileReference; includeInIndex = 1; lastKnownFileType = text.xcconfig; name = "Pods-InstagramFirestoreTutorial.debug.xcconfig"; path = "Target Support Files/Pods-InstagramFirestoreTutorial/Pods-InstagramFirestoreTutorial.debug.xcconfig"; sourceTree = "<group>"; };
		C5EE61845C7C84A294EE87B9 /* Pods-InstagramFirestoreTutorial.release.xcconfig */ = {isa = PBXFileReference; includeInIndex = 1; lastKnownFileType = text.xcconfig; name = "Pods-InstagramFirestoreTutorial.release.xcconfig"; path = "Target Support Files/Pods-InstagramFirestoreTutorial/Pods-InstagramFirestoreTutorial.release.xcconfig"; sourceTree = "<group>"; };
/* End PBXFileReference section */

/* Begin PBXFrameworksBuildPhase section */
		355E53D425EA935600CC3D64 /* Frameworks */ = {
			isa = PBXFrameworksBuildPhase;
			buildActionMask = 2147483647;
			files = (
				ADFC926D70B2EF400C89FDD4 /* Pods_InstagramFirestoreTutorial.framework in Frameworks */,
			);
			runOnlyForDeploymentPostprocessing = 0;
		};
/* End PBXFrameworksBuildPhase section */

/* Begin PBXGroup section */
		0D75604CC57138E71086A50F /* Pods */ = {
			isa = PBXGroup;
			children = (
				5B1C8D95BCCFFCA9E82D28B7 /* Pods-InstagramFirestoreTutorial.debug.xcconfig */,
				C5EE61845C7C84A294EE87B9 /* Pods-InstagramFirestoreTutorial.release.xcconfig */,
			);
			path = Pods;
			sourceTree = "<group>";
		};
		355E53CE25EA935600CC3D64 = {
			isa = PBXGroup;
			children = (
				355E53D925EA935600CC3D64 /* InstagramFirestoreTutorial */,
				355E53D825EA935600CC3D64 /* Products */,
				0D75604CC57138E71086A50F /* Pods */,
				91D41EA6D6A1367856132640 /* Frameworks */,
			);
			sourceTree = "<group>";
		};
		355E53D825EA935600CC3D64 /* Products */ = {
			isa = PBXGroup;
			children = (
				355E53D725EA935600CC3D64 /* InstagramFirestoreTutorial.app */,
			);
			name = Products;
			sourceTree = "<group>";
		};
		355E53D925EA935600CC3D64 /* InstagramFirestoreTutorial */ = {
			isa = PBXGroup;
			children = (
				355E53EF25EA93A200CC3D64 /* Modal */,
				355E53F025EA93AE00CC3D64 /* View */,
				355E53F125EA93B700CC3D64 /* ViewModel */,
				355E53F325EA93C900CC3D64 /* Controller */,
				355E53F225EA93C200CC3D64 /* API */,
				355E53F425EA93D800CC3D64 /* Utils */,
				355E53DA25EA935600CC3D64 /* AppDelegate.swift */,
				355E53DC25EA935600CC3D64 /* SceneDelegate.swift */,
				355E53DE25EA935600CC3D64 /* ViewController.swift */,
				355E53E025EA935700CC3D64 /* Main.storyboard */,
				355E53E325EA935A00CC3D64 /* Assets.xcassets */,
				355E53E525EA935A00CC3D64 /* LaunchScreen.storyboard */,
				355E53E825EA935A00CC3D64 /* Info.plist */,
				359C1FB025F6784300340C68 /* GoogleService-Info.plist */,
			);
			path = InstagramFirestoreTutorial;
			sourceTree = "<group>";
		};
		355E53EF25EA93A200CC3D64 /* Modal */ = {
			isa = PBXGroup;
			children = (
				359C1FF025FCB14900340C68 /* User.swift */,
			);
			path = Modal;
			sourceTree = "<group>";
		};
		355E53F025EA93AE00CC3D64 /* View */ = {
			isa = PBXGroup;
			children = (
				359C1FE625FC617500340C68 /* Profile */,
				350AE77D25EBDD14005741C6 /* FeedCell.swift */,
				359C1FA125F23C3400340C68 /* CustomTextField.swift */,
				359C1FFB25FDC1F700340C68 /* UserCell.swift */,
			);
			path = View;
			sourceTree = "<group>";
		};
		355E53F125EA93B700CC3D64 /* ViewModel */ = {
			isa = PBXGroup;
			children = (
				359C1FA825F4F17300340C68 /* AuthenticationViewModel.swift */,
				359C1FF425FCC1E700340C68 /* ProfileHeaderViewModel.swift */,
				359C1FFF25FDF18800340C68 /* UserCellViewModel.swift */,
			);
			path = ViewModel;
			sourceTree = "<group>";
		};
		355E53F225EA93C200CC3D64 /* API */ = {
			isa = PBXGroup;
			children = (
				359C1FD525F8DF4200340C68 /* ImageUploader.swift */,
				359C1FD825F8DF6300340C68 /* AuthService.swift */,
				359C1FEA25FCAF0E00340C68 /* UserService.swift */,
			);
			path = API;
			sourceTree = "<group>";
		};
		355E53F325EA93C900CC3D64 /* Controller */ = {
			isa = PBXGroup;
			children = (
				359C1F9925F21C8D00340C68 /* Authentication */,
				355E53F625EA94E500CC3D64 /* MainTabController.swift */,
				355E53F925EA97EC00CC3D64 /* FeedController.swift */,
				355E53FC25EA97FE00CC3D64 /* SearchController.swift */,
				355E53FF25EA981300CC3D64 /* ImageSelectorController.swift */,
				355E540225EA982900CC3D64 /* NotificationsController.swift */,
				355E540525EA983B00CC3D64 /* ProfileController.swift */,
				355B262926007AE1008E08EA /* UploadPostController.swift */,
			);
			path = Controller;
			sourceTree = "<group>";
		};
		355E53F425EA93D800CC3D64 /* Utils */ = {
			isa = PBXGroup;
			children = (
				350AE78025EBDFDB005741C6 /* Extensions.swift */,
				359C1FED25FCAF9C00340C68 /* Constants.swift */,
				355B262C26008926008E08EA /* InputTextView.swift */,
			);
			path = Utils;
			sourceTree = "<group>";
		};
		359C1F9925F21C8D00340C68 /* Authentication */ = {
			isa = PBXGroup;
			children = (
				359C1F9A25F21CAE00340C68 /* LoginController.swift */,
				359C1F9E25F21CC500340C68 /* RegistrationCOntroller.swift */,
			);
			path = Authentication;
			sourceTree = "<group>";
		};
		359C1FE625FC617500340C68 /* Profile */ = {
			isa = PBXGroup;
			children = (
				359C1FE025FC614E00340C68 /* ProfileCell.swift */,
				359C1FE325FC616B00340C68 /* ProfileHeader.swift */,
			);
			path = Profile;
			sourceTree = "<group>";
		};
		91D41EA6D6A1367856132640 /* Frameworks */ = {
			isa = PBXGroup;
			children = (
				215DA53581959BD936163828 /* Pods_InstagramFirestoreTutorial.framework */,
			);
			name = Frameworks;
			sourceTree = "<group>";
		};
/* End PBXGroup section */

/* Begin PBXNativeTarget section */
		355E53D625EA935600CC3D64 /* InstagramFirestoreTutorial */ = {
			isa = PBXNativeTarget;
			buildConfigurationList = 355E53EB25EA935A00CC3D64 /* Build configuration list for PBXNativeTarget "InstagramFirestoreTutorial" */;
			buildPhases = (
				137AA0D09FF8642F31B75714 /* [CP] Check Pods Manifest.lock */,
				355E53D325EA935600CC3D64 /* Sources */,
				355E53D425EA935600CC3D64 /* Frameworks */,
				355E53D525EA935600CC3D64 /* Resources */,
				4DACB8CB571968368E4F981F /* [CP] Embed Pods Frameworks */,
			);
			buildRules = (
			);
			dependencies = (
			);
			name = InstagramFirestoreTutorial;
			productName = InstagramFirestoreTutorial;
			productReference = 355E53D725EA935600CC3D64 /* InstagramFirestoreTutorial.app */;
			productType = "com.apple.product-type.application";
		};
/* End PBXNativeTarget section */

/* Begin PBXProject section */
		355E53CF25EA935600CC3D64 /* Project object */ = {
			isa = PBXProject;
			attributes = {
				LastSwiftUpdateCheck = 1240;
				LastUpgradeCheck = 1240;
				TargetAttributes = {
					355E53D625EA935600CC3D64 = {
						CreatedOnToolsVersion = 12.4;
					};
				};
			};
			buildConfigurationList = 355E53D225EA935600CC3D64 /* Build configuration list for PBXProject "InstagramFirestoreTutorial" */;
			compatibilityVersion = "Xcode 9.3";
			developmentRegion = en;
			hasScannedForEncodings = 0;
			knownRegions = (
				en,
				Base,
			);
			mainGroup = 355E53CE25EA935600CC3D64;
			productRefGroup = 355E53D825EA935600CC3D64 /* Products */;
			projectDirPath = "";
			projectRoot = "";
			targets = (
				355E53D625EA935600CC3D64 /* InstagramFirestoreTutorial */,
			);
		};
/* End PBXProject section */

/* Begin PBXResourcesBuildPhase section */
		355E53D525EA935600CC3D64 /* Resources */ = {
			isa = PBXResourcesBuildPhase;
			buildActionMask = 2147483647;
			files = (
				355E53E725EA935A00CC3D64 /* LaunchScreen.storyboard in Resources */,
				359C1FB125F6784300340C68 /* GoogleService-Info.plist in Resources */,
				355E53E425EA935A00CC3D64 /* Assets.xcassets in Resources */,
				355E53E225EA935700CC3D64 /* Main.storyboard in Resources */,
			);
			runOnlyForDeploymentPostprocessing = 0;
		};
/* End PBXResourcesBuildPhase section */

/* Begin PBXShellScriptBuildPhase section */
		137AA0D09FF8642F31B75714 /* [CP] Check Pods Manifest.lock */ = {
			isa = PBXShellScriptBuildPhase;
			buildActionMask = 2147483647;
			files = (
			);
			inputFileListPaths = (
			);
			inputPaths = (
				"${PODS_PODFILE_DIR_PATH}/Podfile.lock",
				"${PODS_ROOT}/Manifest.lock",
			);
			name = "[CP] Check Pods Manifest.lock";
			outputFileListPaths = (
			);
			outputPaths = (
				"$(DERIVED_FILE_DIR)/Pods-InstagramFirestoreTutorial-checkManifestLockResult.txt",
			);
			runOnlyForDeploymentPostprocessing = 0;
			shellPath = /bin/sh;
			shellScript = "diff \"${PODS_PODFILE_DIR_PATH}/Podfile.lock\" \"${PODS_ROOT}/Manifest.lock\" > /dev/null\nif [ $? != 0 ] ; then\n    # print error to STDERR\n    echo \"error: The sandbox is not in sync with the Podfile.lock. Run 'pod install' or update your CocoaPods installation.\" >&2\n    exit 1\nfi\n# This output is used by Xcode 'outputs' to avoid re-running this script phase.\necho \"SUCCESS\" > \"${SCRIPT_OUTPUT_FILE_0}\"\n";
			showEnvVarsInLog = 0;
		};
		4DACB8CB571968368E4F981F /* [CP] Embed Pods Frameworks */ = {
			isa = PBXShellScriptBuildPhase;
			buildActionMask = 2147483647;
			files = (
			);
			inputFileListPaths = (
				"${PODS_ROOT}/Target Support Files/Pods-InstagramFirestoreTutorial/Pods-InstagramFirestoreTutorial-frameworks-${CONFIGURATION}-input-files.xcfilelist",
			);
			name = "[CP] Embed Pods Frameworks";
			outputFileListPaths = (
				"${PODS_ROOT}/Target Support Files/Pods-InstagramFirestoreTutorial/Pods-InstagramFirestoreTutorial-frameworks-${CONFIGURATION}-output-files.xcfilelist",
			);
			runOnlyForDeploymentPostprocessing = 0;
			shellPath = /bin/sh;
			shellScript = "\"${PODS_ROOT}/Target Support Files/Pods-InstagramFirestoreTutorial/Pods-InstagramFirestoreTutorial-frameworks.sh\"\n";
			showEnvVarsInLog = 0;
		};
/* End PBXShellScriptBuildPhase section */

/* Begin PBXSourcesBuildPhase section */
		355E53D325EA935600CC3D64 /* Sources */ = {
			isa = PBXSourcesBuildPhase;
			buildActionMask = 2147483647;
			files = (
				359C1FA225F23C3400340C68 /* CustomTextField.swift in Sources */,
				359C1FE425FC616B00340C68 /* ProfileHeader.swift in Sources */,
				355B262A26007AE1008E08EA /* UploadPostController.swift in Sources */,
				355E53DF25EA935600CC3D64 /* ViewController.swift in Sources */,
				359C1F9B25F21CAE00340C68 /* LoginController.swift in Sources */,
				350AE77E25EBDD14005741C6 /* FeedCell.swift in Sources */,
				355E540025EA981300CC3D64 /* ImageSelectorController.swift in Sources */,
				355E540325EA982A00CC3D64 /* NotificationsController.swift in Sources */,
				359C1FA925F4F17300340C68 /* AuthenticationViewModel.swift in Sources */,
				359C1FFC25FDC1F700340C68 /* UserCell.swift in Sources */,
				355E53FD25EA97FE00CC3D64 /* SearchController.swift in Sources */,
				355E53DB25EA935600CC3D64 /* AppDelegate.swift in Sources */,
				359C1FF125FCB14900340C68 /* User.swift in Sources */,
				355E540625EA983B00CC3D64 /* ProfileController.swift in Sources */,
				359C1FF525FCC1E700340C68 /* ProfileHeaderViewModel.swift in Sources */,
				355B262D26008926008E08EA /* InputTextView.swift in Sources */,
				359C1FEE25FCAF9C00340C68 /* Constants.swift in Sources */,
				355E53FA25EA97EC00CC3D64 /* FeedController.swift in Sources */,
				359C200025FDF18800340C68 /* UserCellViewModel.swift in Sources */,
				355E53F725EA94E500CC3D64 /* MainTabController.swift in Sources */,
				350AE78125EBDFDB005741C6 /* Extensions.swift in Sources */,
				359C1FD625F8DF4200340C68 /* ImageUploader.swift in Sources */,
				359C1FD925F8DF6300340C68 /* AuthService.swift in Sources */,
				359C1FEB25FCAF0E00340C68 /* UserService.swift in Sources */,
				359C1FE125FC614E00340C68 /* ProfileCell.swift in Sources */,
				355E53DD25EA935600CC3D64 /* SceneDelegate.swift in Sources */,
				359C1F9F25F21CC500340C68 /* RegistrationCOntroller.swift in Sources */,
			);
			runOnlyForDeploymentPostprocessing = 0;
		};
/* End PBXSourcesBuildPhase section */

/* Begin PBXVariantGroup section */
		355E53E025EA935700CC3D64 /* Main.storyboard */ = {
			isa = PBXVariantGroup;
			children = (
				355E53E125EA935700CC3D64 /* Base */,
			);
			name = Main.storyboard;
			sourceTree = "<group>";
		};
		355E53E525EA935A00CC3D64 /* LaunchScreen.storyboard */ = {
			isa = PBXVariantGroup;
			children = (
				355E53E625EA935A00CC3D64 /* Base */,
			);
			name = LaunchScreen.storyboard;
			sourceTree = "<group>";
		};
/* End PBXVariantGroup section */

/* Begin XCBuildConfiguration section */
		355E53E925EA935A00CC3D64 /* Debug */ = {
			isa = XCBuildConfiguration;
			buildSettings = {
				ALWAYS_SEARCH_USER_PATHS = NO;
				CLANG_ANALYZER_NONNULL = YES;
				CLANG_ANALYZER_NUMBER_OBJECT_CONVERSION = YES_AGGRESSIVE;
				CLANG_CXX_LANGUAGE_STANDARD = "gnu++14";
				CLANG_CXX_LIBRARY = "libc++";
				CLANG_ENABLE_MODULES = YES;
				CLANG_ENABLE_OBJC_ARC = YES;
				CLANG_ENABLE_OBJC_WEAK = YES;
				CLANG_WARN_BLOCK_CAPTURE_AUTORELEASING = YES;
				CLANG_WARN_BOOL_CONVERSION = YES;
				CLANG_WARN_COMMA = YES;
				CLANG_WARN_CONSTANT_CONVERSION = YES;
				CLANG_WARN_DEPRECATED_OBJC_IMPLEMENTATIONS = YES;
				CLANG_WARN_DIRECT_OBJC_ISA_USAGE = YES_ERROR;
				CLANG_WARN_DOCUMENTATION_COMMENTS = YES;
				CLANG_WARN_EMPTY_BODY = YES;
				CLANG_WARN_ENUM_CONVERSION = YES;
				CLANG_WARN_INFINITE_RECURSION = YES;
				CLANG_WARN_INT_CONVERSION = YES;
				CLANG_WARN_NON_LITERAL_NULL_CONVERSION = YES;
				CLANG_WARN_OBJC_IMPLICIT_RETAIN_SELF = YES;
				CLANG_WARN_OBJC_LITERAL_CONVERSION = YES;
				CLANG_WARN_OBJC_ROOT_CLASS = YES_ERROR;
				CLANG_WARN_QUOTED_INCLUDE_IN_FRAMEWORK_HEADER = YES;
				CLANG_WARN_RANGE_LOOP_ANALYSIS = YES;
				CLANG_WARN_STRICT_PROTOTYPES = YES;
				CLANG_WARN_SUSPICIOUS_MOVE = YES;
				CLANG_WARN_UNGUARDED_AVAILABILITY = YES_AGGRESSIVE;
				CLANG_WARN_UNREACHABLE_CODE = YES;
				CLANG_WARN__DUPLICATE_METHOD_MATCH = YES;
				COPY_PHASE_STRIP = NO;
				DEBUG_INFORMATION_FORMAT = dwarf;
				ENABLE_STRICT_OBJC_MSGSEND = YES;
				ENABLE_TESTABILITY = YES;
				GCC_C_LANGUAGE_STANDARD = gnu11;
				GCC_DYNAMIC_NO_PIC = NO;
				GCC_NO_COMMON_BLOCKS = YES;
				GCC_OPTIMIZATION_LEVEL = 0;
				GCC_PREPROCESSOR_DEFINITIONS = (
					"DEBUG=1",
					"$(inherited)",
				);
				GCC_WARN_64_TO_32_BIT_CONVERSION = YES;
				GCC_WARN_ABOUT_RETURN_TYPE = YES_ERROR;
				GCC_WARN_UNDECLARED_SELECTOR = YES;
				GCC_WARN_UNINITIALIZED_AUTOS = YES_AGGRESSIVE;
				GCC_WARN_UNUSED_FUNCTION = YES;
				GCC_WARN_UNUSED_VARIABLE = YES;
				IPHONEOS_DEPLOYMENT_TARGET = 13.0;
				MTL_ENABLE_DEBUG_INFO = INCLUDE_SOURCE;
				MTL_FAST_MATH = YES;
				ONLY_ACTIVE_ARCH = YES;
				SDKROOT = iphoneos;
				SWIFT_ACTIVE_COMPILATION_CONDITIONS = DEBUG;
				SWIFT_OPTIMIZATION_LEVEL = "-Onone";
			};
			name = Debug;
		};
		355E53EA25EA935A00CC3D64 /* Release */ = {
			isa = XCBuildConfiguration;
			buildSettings = {
				ALWAYS_SEARCH_USER_PATHS = NO;
				CLANG_ANALYZER_NONNULL = YES;
				CLANG_ANALYZER_NUMBER_OBJECT_CONVERSION = YES_AGGRESSIVE;
				CLANG_CXX_LANGUAGE_STANDARD = "gnu++14";
				CLANG_CXX_LIBRARY = "libc++";
				CLANG_ENABLE_MODULES = YES;
				CLANG_ENABLE_OBJC_ARC = YES;
				CLANG_ENABLE_OBJC_WEAK = YES;
				CLANG_WARN_BLOCK_CAPTURE_AUTORELEASING = YES;
				CLANG_WARN_BOOL_CONVERSION = YES;
				CLANG_WARN_COMMA = YES;
				CLANG_WARN_CONSTANT_CONVERSION = YES;
				CLANG_WARN_DEPRECATED_OBJC_IMPLEMENTATIONS = YES;
				CLANG_WARN_DIRECT_OBJC_ISA_USAGE = YES_ERROR;
				CLANG_WARN_DOCUMENTATION_COMMENTS = YES;
				CLANG_WARN_EMPTY_BODY = YES;
				CLANG_WARN_ENUM_CONVERSION = YES;
				CLANG_WARN_INFINITE_RECURSION = YES;
				CLANG_WARN_INT_CONVERSION = YES;
				CLANG_WARN_NON_LITERAL_NULL_CONVERSION = YES;
				CLANG_WARN_OBJC_IMPLICIT_RETAIN_SELF = YES;
				CLANG_WARN_OBJC_LITERAL_CONVERSION = YES;
				CLANG_WARN_OBJC_ROOT_CLASS = YES_ERROR;
				CLANG_WARN_QUOTED_INCLUDE_IN_FRAMEWORK_HEADER = YES;
				CLANG_WARN_RANGE_LOOP_ANALYSIS = YES;
				CLANG_WARN_STRICT_PROTOTYPES = YES;
				CLANG_WARN_SUSPICIOUS_MOVE = YES;
				CLANG_WARN_UNGUARDED_AVAILABILITY = YES_AGGRESSIVE;
				CLANG_WARN_UNREACHABLE_CODE = YES;
				CLANG_WARN__DUPLICATE_METHOD_MATCH = YES;
				COPY_PHASE_STRIP = NO;
				DEBUG_INFORMATION_FORMAT = "dwarf-with-dsym";
				ENABLE_NS_ASSERTIONS = NO;
				ENABLE_STRICT_OBJC_MSGSEND = YES;
				GCC_C_LANGUAGE_STANDARD = gnu11;
				GCC_NO_COMMON_BLOCKS = YES;
				GCC_WARN_64_TO_32_BIT_CONVERSION = YES;
				GCC_WARN_ABOUT_RETURN_TYPE = YES_ERROR;
				GCC_WARN_UNDECLARED_SELECTOR = YES;
				GCC_WARN_UNINITIALIZED_AUTOS = YES_AGGRESSIVE;
				GCC_WARN_UNUSED_FUNCTION = YES;
				GCC_WARN_UNUSED_VARIABLE = YES;
				IPHONEOS_DEPLOYMENT_TARGET = 13.0;
				MTL_ENABLE_DEBUG_INFO = NO;
				MTL_FAST_MATH = YES;
				SDKROOT = iphoneos;
				SWIFT_COMPILATION_MODE = wholemodule;
				SWIFT_OPTIMIZATION_LEVEL = "-O";
				VALIDATE_PRODUCT = YES;
			};
			name = Release;
		};
		355E53EC25EA935A00CC3D64 /* Debug */ = {
			isa = XCBuildConfiguration;
			baseConfigurationReference = 5B1C8D95BCCFFCA9E82D28B7 /* Pods-InstagramFirestoreTutorial.debug.xcconfig */;
			buildSettings = {
				ASSETCATALOG_COMPILER_APPICON_NAME = AppIcon;
				ASSETCATALOG_COMPILER_GLOBAL_ACCENT_COLOR_NAME = AccentColor;
				CODE_SIGN_STYLE = Automatic;
				DEVELOPMENT_TEAM = 5CFYZ62FLT;
				INFOPLIST_FILE = InstagramFirestoreTutorial/Info.plist;
				LD_RUNPATH_SEARCH_PATHS = (
					"$(inherited)",
					"@executable_path/Frameworks",
				);
				PRODUCT_BUNDLE_IDENTIFIER = com.pippippi.InstagramFirestoreTutorial;
				PRODUCT_NAME = "$(TARGET_NAME)";
				SWIFT_VERSION = 5.0;
				TARGETED_DEVICE_FAMILY = "1,2";
			};
			name = Debug;
		};
		355E53ED25EA935A00CC3D64 /* Release */ = {
			isa = XCBuildConfiguration;
			baseConfigurationReference = C5EE61845C7C84A294EE87B9 /* Pods-InstagramFirestoreTutorial.release.xcconfig */;
			buildSettings = {
				ASSETCATALOG_COMPILER_APPICON_NAME = AppIcon;
				ASSETCATALOG_COMPILER_GLOBAL_ACCENT_COLOR_NAME = AccentColor;
				CODE_SIGN_STYLE = Automatic;
				DEVELOPMENT_TEAM = 5CFYZ62FLT;
				INFOPLIST_FILE = InstagramFirestoreTutorial/Info.plist;
				LD_RUNPATH_SEARCH_PATHS = (
					"$(inherited)",
					"@executable_path/Frameworks",
				);
				PRODUCT_BUNDLE_IDENTIFIER = com.pippippi.InstagramFirestoreTutorial;
				PRODUCT_NAME = "$(TARGET_NAME)";
				SWIFT_VERSION = 5.0;
				TARGETED_DEVICE_FAMILY = "1,2";
			};
			name = Release;
		};
/* End XCBuildConfiguration section */

/* Begin XCConfigurationList section */
		355E53D225EA935600CC3D64 /* Build configuration list for PBXProject "InstagramFirestoreTutorial" */ = {
			isa = XCConfigurationList;
			buildConfigurations = (
				355E53E925EA935A00CC3D64 /* Debug */,
				355E53EA25EA935A00CC3D64 /* Release */,
			);
			defaultConfigurationIsVisible = 0;
			defaultConfigurationName = Release;
		};
		355E53EB25EA935A00CC3D64 /* Build configuration list for PBXNativeTarget "InstagramFirestoreTutorial" */ = {
			isa = XCConfigurationList;
			buildConfigurations = (
				355E53EC25EA935A00CC3D64 /* Debug */,
				355E53ED25EA935A00CC3D64 /* Release */,
			);
			defaultConfigurationIsVisible = 0;
			defaultConfigurationName = Release;
		};
/* End XCConfigurationList section */
	};
	rootObject = 355E53CF25EA935600CC3D64 /* Project object */;
}
